// !$*UTF8*$!
{
	archiveVersion = 1;
	classes = {
	};
	objectVersion = 46;
	objects = {

/* Begin PBXBuildFile section */
		54F60F3021DF43BD7B33C3D0 /* Pods_DialExt_Tests.framework in Frameworks */ = {isa = PBXBuildFile; fileRef = 03A9B86D79A61DF8A8A08345 /* Pods_DialExt_Tests.framework */; };
		607FACD61AFB9204008FA782 /* AppDelegate.swift in Sources */ = {isa = PBXBuildFile; fileRef = 607FACD51AFB9204008FA782 /* AppDelegate.swift */; };
		607FACDB1AFB9204008FA782 /* Main.storyboard in Resources */ = {isa = PBXBuildFile; fileRef = 607FACD91AFB9204008FA782 /* Main.storyboard */; };
		607FACDD1AFB9204008FA782 /* Images.xcassets in Resources */ = {isa = PBXBuildFile; fileRef = 607FACDC1AFB9204008FA782 /* Images.xcassets */; };
		607FACE01AFB9204008FA782 /* LaunchScreen.xib in Resources */ = {isa = PBXBuildFile; fileRef = 607FACDE1AFB9204008FA782 /* LaunchScreen.xib */; };
		607FACEC1AFB9204008FA782 /* Tests.swift in Sources */ = {isa = PBXBuildFile; fileRef = 607FACEB1AFB9204008FA782 /* Tests.swift */; };
		7401573B1E76F84700ECF237 /* Dialog.proto.swift in Sources */ = {isa = PBXBuildFile; fileRef = 7401573A1E76F84700ECF237 /* Dialog.proto.swift */; };
		74170F271E79805B00E88FA8 /* ShareViewController.swift in Sources */ = {isa = PBXBuildFile; fileRef = 74170F261E79805B00E88FA8 /* ShareViewController.swift */; };
		74170F2A1E79805B00E88FA8 /* MainInterface.storyboard in Resources */ = {isa = PBXBuildFile; fileRef = 74170F281E79805B00E88FA8 /* MainInterface.storyboard */; };
		74170F2E1E79805B00E88FA8 /* Share.appex in Embed App Extensions */ = {isa = PBXBuildFile; fileRef = 74170F241E79805B00E88FA8 /* Share.appex */; settings = {ATTRIBUTES = (RemoveHeadersOnCopy, ); }; };
		748316621E72962500E4ADA8 /* DialExt.framework in Frameworks */ = {isa = PBXBuildFile; fileRef = 748316591E72962500E4ADA8 /* DialExt.framework */; };
		748316691E72962500E4ADA8 /* DialExtTests.swift in Sources */ = {isa = PBXBuildFile; fileRef = 748316681E72962500E4ADA8 /* DialExtTests.swift */; };
		7483166B1E72962500E4ADA8 /* DialExt.h in Headers */ = {isa = PBXBuildFile; fileRef = 7483165B1E72962500E4ADA8 /* DialExt.h */; settings = {ATTRIBUTES = (Public, ); }; };
		7483166E1E72962500E4ADA8 /* DialExt.framework in Frameworks */ = {isa = PBXBuildFile; fileRef = 748316591E72962500E4ADA8 /* DialExt.framework */; };
		7483166F1E72962500E4ADA8 /* DialExt.framework in Embed Frameworks */ = {isa = PBXBuildFile; fileRef = 748316591E72962500E4ADA8 /* DialExt.framework */; settings = {ATTRIBUTES = (CodeSignOnCopy, RemoveHeadersOnCopy, ); }; };
		7483167D1E72978300E4ADA8 /* DEKeychainResult.swift in Sources */ = {isa = PBXBuildFile; fileRef = 7483167C1E72978300E4ADA8 /* DEKeychainResult.swift */; };
		7483167F1E72981300E4ADA8 /* DEKeychainQuery.swift in Sources */ = {isa = PBXBuildFile; fileRef = 7483167E1E72981300E4ADA8 /* DEKeychainQuery.swift */; };
		748316821E72990D00E4ADA8 /* Dictionary+DialExt.swift in Sources */ = {isa = PBXBuildFile; fileRef = 748316811E72990D00E4ADA8 /* Dictionary+DialExt.swift */; };
		748316841E729A1B00E4ADA8 /* DEKeychainDataProvider.swift in Sources */ = {isa = PBXBuildFile; fileRef = 748316831E729A1B00E4ADA8 /* DEKeychainDataProvider.swift */; };
		748316861E729B8B00E4ADA8 /* DEKeychainWrapper.swift in Sources */ = {isa = PBXBuildFile; fileRef = 748316851E729B8B00E4ADA8 /* DEKeychainWrapper.swift */; };
		748316891E72AFC100E4ADA8 /* DEGroupContainer.swift in Sources */ = {isa = PBXBuildFile; fileRef = 748316881E72AFC100E4ADA8 /* DEGroupContainer.swift */; };
		7483168B1E72BBFF00E4ADA8 /* DEGroupContainerItem.swift in Sources */ = {isa = PBXBuildFile; fileRef = 7483168A1E72BBFF00E4ADA8 /* DEGroupContainerItem.swift */; };
		7496AFAE1E793D37004DC2D9 /* DESharedDialogsManager.swift in Sources */ = {isa = PBXBuildFile; fileRef = 7496AFAD1E793D37004DC2D9 /* DESharedDialogsManager.swift */; };
		7496AFB01E794A73004DC2D9 /* DialogListContext+DialExt.swift in Sources */ = {isa = PBXBuildFile; fileRef = 7496AFAF1E794A73004DC2D9 /* DialogListContext+DialExt.swift */; };
		7496AFB61E795F87004DC2D9 /* DESharedDialogsViewController.swift in Sources */ = {isa = PBXBuildFile; fileRef = 7496AFB51E795F87004DC2D9 /* DESharedDialogsViewController.swift */; };
		7496AFB71E795FDB004DC2D9 /* ImageToShareCell.swift in Sources */ = {isa = PBXBuildFile; fileRef = 747A9E811E784B2D00AF50A0 /* ImageToShareCell.swift */; };
		7496AFB81E795FDD004DC2D9 /* DialogCell.swift in Sources */ = {isa = PBXBuildFile; fileRef = 745CBE0B1E77F66200923ACF /* DialogCell.swift */; };
		7496AFBA1E7962A1004DC2D9 /* DESharedDialogsViewController.storyboard in Resources */ = {isa = PBXBuildFile; fileRef = 7496AFB91E7962A1004DC2D9 /* DESharedDialogsViewController.storyboard */; };
		74CDE2B61E72EF8D00F7A561 /* DispatchQueue+DialExt.swift in Sources */ = {isa = PBXBuildFile; fileRef = 74CDE2B51E72EF8D00F7A561 /* DispatchQueue+DialExt.swift */; };
		74CDE2B91E72F39500F7A561 /* DEInterappMessenger.swift in Sources */ = {isa = PBXBuildFile; fileRef = 74CDE2B81E72F39500F7A561 /* DEInterappMessenger.swift */; };
		74CDE2BB1E73016600F7A561 /* DESimpleInterappMessenger.swift in Sources */ = {isa = PBXBuildFile; fileRef = 74CDE2BA1E73016600F7A561 /* DESimpleInterappMessenger.swift */; };
		97126523B48340F7C2606824 /* Pods_DialExt.framework in Frameworks */ = {isa = PBXBuildFile; fileRef = E4BA73D35DC3C145C1C6343B /* Pods_DialExt.framework */; };
		C5044BDDA6D85F2E00FD1C92 /* Pods_DialExt_Example.framework in Frameworks */ = {isa = PBXBuildFile; fileRef = 34079C08447EC7E3FC1DE8C8 /* Pods_DialExt_Example.framework */; };
/* End PBXBuildFile section */

/* Begin PBXContainerItemProxy section */
		607FACE61AFB9204008FA782 /* PBXContainerItemProxy */ = {
			isa = PBXContainerItemProxy;
			containerPortal = 607FACC81AFB9204008FA782 /* Project object */;
			proxyType = 1;
			remoteGlobalIDString = 607FACCF1AFB9204008FA782;
			remoteInfo = DialExt;
		};
		74170F2C1E79805B00E88FA8 /* PBXContainerItemProxy */ = {
			isa = PBXContainerItemProxy;
			containerPortal = 607FACC81AFB9204008FA782 /* Project object */;
			proxyType = 1;
			remoteGlobalIDString = 74170F231E79805B00E88FA8;
			remoteInfo = Share;
		};
		748316631E72962500E4ADA8 /* PBXContainerItemProxy */ = {
			isa = PBXContainerItemProxy;
			containerPortal = 607FACC81AFB9204008FA782 /* Project object */;
			proxyType = 1;
			remoteGlobalIDString = 748316581E72962500E4ADA8;
			remoteInfo = DialExt;
		};
		748316651E72962500E4ADA8 /* PBXContainerItemProxy */ = {
			isa = PBXContainerItemProxy;
			containerPortal = 607FACC81AFB9204008FA782 /* Project object */;
			proxyType = 1;
			remoteGlobalIDString = 607FACCF1AFB9204008FA782;
			remoteInfo = DialExt_Example;
		};
		7483166C1E72962500E4ADA8 /* PBXContainerItemProxy */ = {
			isa = PBXContainerItemProxy;
			containerPortal = 607FACC81AFB9204008FA782 /* Project object */;
			proxyType = 1;
			remoteGlobalIDString = 748316581E72962500E4ADA8;
			remoteInfo = DialExt;
		};
/* End PBXContainerItemProxy section */

/* Begin PBXCopyFilesBuildPhase section */
		747A9E801E7839CF00AF50A0 /* Embed App Extensions */ = {
			isa = PBXCopyFilesBuildPhase;
			buildActionMask = 2147483647;
			dstPath = "";
			dstSubfolderSpec = 13;
			files = (
				74170F2E1E79805B00E88FA8 /* Share.appex in Embed App Extensions */,
			);
			name = "Embed App Extensions";
			runOnlyForDeploymentPostprocessing = 0;
		};
		748316751E72962500E4ADA8 /* Embed Frameworks */ = {
			isa = PBXCopyFilesBuildPhase;
			buildActionMask = 2147483647;
			dstPath = "";
			dstSubfolderSpec = 10;
			files = (
				7483166F1E72962500E4ADA8 /* DialExt.framework in Embed Frameworks */,
			);
			name = "Embed Frameworks";
			runOnlyForDeploymentPostprocessing = 0;
		};
/* End PBXCopyFilesBuildPhase section */

/* Begin PBXFileReference section */
		03A9B86D79A61DF8A8A08345 /* Pods_DialExt_Tests.framework */ = {isa = PBXFileReference; explicitFileType = wrapper.framework; includeInIndex = 0; path = Pods_DialExt_Tests.framework; sourceTree = BUILT_PRODUCTS_DIR; };
		2EE199AAC6FE189527752788 /* Pods-DialExt_Example.release.xcconfig */ = {isa = PBXFileReference; includeInIndex = 1; lastKnownFileType = text.xcconfig; name = "Pods-DialExt_Example.release.xcconfig"; path = "Pods/Target Support Files/Pods-DialExt_Example/Pods-DialExt_Example.release.xcconfig"; sourceTree = "<group>"; };
		34079C08447EC7E3FC1DE8C8 /* Pods_DialExt_Example.framework */ = {isa = PBXFileReference; explicitFileType = wrapper.framework; includeInIndex = 0; path = Pods_DialExt_Example.framework; sourceTree = BUILT_PRODUCTS_DIR; };
		4D288812AF4CDE6DB549AF93 /* Pods-DialExt_Example.debug.xcconfig */ = {isa = PBXFileReference; includeInIndex = 1; lastKnownFileType = text.xcconfig; name = "Pods-DialExt_Example.debug.xcconfig"; path = "Pods/Target Support Files/Pods-DialExt_Example/Pods-DialExt_Example.debug.xcconfig"; sourceTree = "<group>"; };
		4E1792AF413C6F41D9B5617B /* LICENSE */ = {isa = PBXFileReference; includeInIndex = 1; lastKnownFileType = text; name = LICENSE; path = ../LICENSE; sourceTree = "<group>"; };
		5120CC07B297BEE14BBDC6DD /* README.md */ = {isa = PBXFileReference; includeInIndex = 1; lastKnownFileType = net.daringfireball.markdown; name = README.md; path = ../README.md; sourceTree = "<group>"; };
		607FACD01AFB9204008FA782 /* DialExt_Example.app */ = {isa = PBXFileReference; explicitFileType = wrapper.application; includeInIndex = 0; path = DialExt_Example.app; sourceTree = BUILT_PRODUCTS_DIR; };
		607FACD41AFB9204008FA782 /* Info.plist */ = {isa = PBXFileReference; lastKnownFileType = text.plist.xml; path = Info.plist; sourceTree = "<group>"; };
		607FACD51AFB9204008FA782 /* AppDelegate.swift */ = {isa = PBXFileReference; lastKnownFileType = sourcecode.swift; path = AppDelegate.swift; sourceTree = "<group>"; };
		607FACDA1AFB9204008FA782 /* Base */ = {isa = PBXFileReference; lastKnownFileType = file.storyboard; name = Base; path = Base.lproj/Main.storyboard; sourceTree = "<group>"; };
		607FACDC1AFB9204008FA782 /* Images.xcassets */ = {isa = PBXFileReference; lastKnownFileType = folder.assetcatalog; path = Images.xcassets; sourceTree = "<group>"; };
		607FACDF1AFB9204008FA782 /* Base */ = {isa = PBXFileReference; lastKnownFileType = file.xib; name = Base; path = Base.lproj/LaunchScreen.xib; sourceTree = "<group>"; };
		607FACE51AFB9204008FA782 /* DialExt_Tests.xctest */ = {isa = PBXFileReference; explicitFileType = wrapper.cfbundle; includeInIndex = 0; path = DialExt_Tests.xctest; sourceTree = BUILT_PRODUCTS_DIR; };
		607FACEA1AFB9204008FA782 /* Info.plist */ = {isa = PBXFileReference; lastKnownFileType = text.plist.xml; path = Info.plist; sourceTree = "<group>"; };
		607FACEB1AFB9204008FA782 /* Tests.swift */ = {isa = PBXFileReference; lastKnownFileType = sourcecode.swift; path = Tests.swift; sourceTree = "<group>"; };
		7401573A1E76F84700ECF237 /* Dialog.proto.swift */ = {isa = PBXFileReference; fileEncoding = 4; lastKnownFileType = sourcecode.swift; path = Dialog.proto.swift; sourceTree = "<group>"; };
		74170F241E79805B00E88FA8 /* Share.appex */ = {isa = PBXFileReference; explicitFileType = "wrapper.app-extension"; includeInIndex = 0; path = Share.appex; sourceTree = BUILT_PRODUCTS_DIR; };
		74170F261E79805B00E88FA8 /* ShareViewController.swift */ = {isa = PBXFileReference; lastKnownFileType = sourcecode.swift; path = ShareViewController.swift; sourceTree = "<group>"; };
		74170F291E79805B00E88FA8 /* Base */ = {isa = PBXFileReference; lastKnownFileType = file.storyboard; name = Base; path = Base.lproj/MainInterface.storyboard; sourceTree = "<group>"; };
		74170F2B1E79805B00E88FA8 /* Info.plist */ = {isa = PBXFileReference; lastKnownFileType = text.plist.xml; path = Info.plist; sourceTree = "<group>"; };
		745CBE0B1E77F66200923ACF /* DialogCell.swift */ = {isa = PBXFileReference; fileEncoding = 4; lastKnownFileType = sourcecode.swift; name = DialogCell.swift; path = ../DialogCell.swift; sourceTree = "<group>"; };
		745CBE0E1E78017D00923ACF /* DialExt_Example.entitlements */ = {isa = PBXFileReference; lastKnownFileType = text.plist.entitlements; path = DialExt_Example.entitlements; sourceTree = "<group>"; };
		747A9E811E784B2D00AF50A0 /* ImageToShareCell.swift */ = {isa = PBXFileReference; fileEncoding = 4; lastKnownFileType = sourcecode.swift; name = ImageToShareCell.swift; path = ../ImageToShareCell.swift; sourceTree = "<group>"; };
		748316591E72962500E4ADA8 /* DialExt.framework */ = {isa = PBXFileReference; explicitFileType = wrapper.framework; includeInIndex = 0; path = DialExt.framework; sourceTree = BUILT_PRODUCTS_DIR; };
		7483165B1E72962500E4ADA8 /* DialExt.h */ = {isa = PBXFileReference; lastKnownFileType = sourcecode.c.h; path = DialExt.h; sourceTree = "<group>"; };
		7483165C1E72962500E4ADA8 /* Info.plist */ = {isa = PBXFileReference; lastKnownFileType = text.plist.xml; path = Info.plist; sourceTree = "<group>"; };
		748316611E72962500E4ADA8 /* DialExtTests.xctest */ = {isa = PBXFileReference; explicitFileType = wrapper.cfbundle; includeInIndex = 0; path = DialExtTests.xctest; sourceTree = BUILT_PRODUCTS_DIR; };
		748316681E72962500E4ADA8 /* DialExtTests.swift */ = {isa = PBXFileReference; lastKnownFileType = sourcecode.swift; path = DialExtTests.swift; sourceTree = "<group>"; };
		7483166A1E72962500E4ADA8 /* Info.plist */ = {isa = PBXFileReference; lastKnownFileType = text.plist.xml; path = Info.plist; sourceTree = "<group>"; };
		7483167C1E72978300E4ADA8 /* DEKeychainResult.swift */ = {isa = PBXFileReference; fileEncoding = 4; lastKnownFileType = sourcecode.swift; path = DEKeychainResult.swift; sourceTree = "<group>"; };
		7483167E1E72981300E4ADA8 /* DEKeychainQuery.swift */ = {isa = PBXFileReference; fileEncoding = 4; lastKnownFileType = sourcecode.swift; path = DEKeychainQuery.swift; sourceTree = "<group>"; };
		748316811E72990D00E4ADA8 /* Dictionary+DialExt.swift */ = {isa = PBXFileReference; fileEncoding = 4; lastKnownFileType = sourcecode.swift; path = "Dictionary+DialExt.swift"; sourceTree = "<group>"; };
		748316831E729A1B00E4ADA8 /* DEKeychainDataProvider.swift */ = {isa = PBXFileReference; fileEncoding = 4; lastKnownFileType = sourcecode.swift; name = DEKeychainDataProvider.swift; path = DialExt/Extensions/DEKeychainDataProvider.swift; sourceTree = SOURCE_ROOT; };
		748316851E729B8B00E4ADA8 /* DEKeychainWrapper.swift */ = {isa = PBXFileReference; fileEncoding = 4; lastKnownFileType = sourcecode.swift; path = DEKeychainWrapper.swift; sourceTree = "<group>"; };
		748316881E72AFC100E4ADA8 /* DEGroupContainer.swift */ = {isa = PBXFileReference; fileEncoding = 4; lastKnownFileType = sourcecode.swift; path = DEGroupContainer.swift; sourceTree = "<group>"; };
		7483168A1E72BBFF00E4ADA8 /* DEGroupContainerItem.swift */ = {isa = PBXFileReference; fileEncoding = 4; lastKnownFileType = sourcecode.swift; path = DEGroupContainerItem.swift; sourceTree = "<group>"; };
		7496AFAD1E793D37004DC2D9 /* DESharedDialogsManager.swift */ = {isa = PBXFileReference; fileEncoding = 4; lastKnownFileType = sourcecode.swift; path = DESharedDialogsManager.swift; sourceTree = "<group>"; };
		7496AFAF1E794A73004DC2D9 /* DialogListContext+DialExt.swift */ = {isa = PBXFileReference; fileEncoding = 4; lastKnownFileType = sourcecode.swift; path = "DialogListContext+DialExt.swift"; sourceTree = "<group>"; };
		7496AFB51E795F87004DC2D9 /* DESharedDialogsViewController.swift */ = {isa = PBXFileReference; fileEncoding = 4; lastKnownFileType = sourcecode.swift; path = DESharedDialogsViewController.swift; sourceTree = "<group>"; };
		7496AFB91E7962A1004DC2D9 /* DESharedDialogsViewController.storyboard */ = {isa = PBXFileReference; fileEncoding = 4; lastKnownFileType = file.storyboard; path = DESharedDialogsViewController.storyboard; sourceTree = "<group>"; };
		74A2A8541E79862C00E3D04D /* Share.entitlements */ = {isa = PBXFileReference; lastKnownFileType = text.plist.entitlements; path = Share.entitlements; sourceTree = "<group>"; };
		74CDE2B51E72EF8D00F7A561 /* DispatchQueue+DialExt.swift */ = {isa = PBXFileReference; fileEncoding = 4; lastKnownFileType = sourcecode.swift; path = "DispatchQueue+DialExt.swift"; sourceTree = "<group>"; };
		74CDE2B81E72F39500F7A561 /* DEInterappMessenger.swift */ = {isa = PBXFileReference; fileEncoding = 4; lastKnownFileType = sourcecode.swift; path = DEInterappMessenger.swift; sourceTree = "<group>"; };
		74CDE2BA1E73016600F7A561 /* DESimpleInterappMessenger.swift */ = {isa = PBXFileReference; fileEncoding = 4; lastKnownFileType = sourcecode.swift; path = DESimpleInterappMessenger.swift; sourceTree = "<group>"; };
		7F6C8537E0E8B912477E0F70 /* Pods-DialExt_Tests.debug.xcconfig */ = {isa = PBXFileReference; includeInIndex = 1; lastKnownFileType = text.xcconfig; name = "Pods-DialExt_Tests.debug.xcconfig"; path = "Pods/Target Support Files/Pods-DialExt_Tests/Pods-DialExt_Tests.debug.xcconfig"; sourceTree = "<group>"; };
		8EF5960D42B12F840A85154D /* Pods-DialExt_Tests.release.xcconfig */ = {isa = PBXFileReference; includeInIndex = 1; lastKnownFileType = text.xcconfig; name = "Pods-DialExt_Tests.release.xcconfig"; path = "Pods/Target Support Files/Pods-DialExt_Tests/Pods-DialExt_Tests.release.xcconfig"; sourceTree = "<group>"; };
		9EC222EB3A0177A488F471B2 /* Pods-DialExt.release.xcconfig */ = {isa = PBXFileReference; includeInIndex = 1; lastKnownFileType = text.xcconfig; name = "Pods-DialExt.release.xcconfig"; path = "Pods/Target Support Files/Pods-DialExt/Pods-DialExt.release.xcconfig"; sourceTree = "<group>"; };
		B5A91CF6912E733A4A4375F6 /* Pods-DialExt.debug.xcconfig */ = {isa = PBXFileReference; includeInIndex = 1; lastKnownFileType = text.xcconfig; name = "Pods-DialExt.debug.xcconfig"; path = "Pods/Target Support Files/Pods-DialExt/Pods-DialExt.debug.xcconfig"; sourceTree = "<group>"; };
		BD6FDBAC201F739BC96914ED /* DialExt.podspec */ = {isa = PBXFileReference; includeInIndex = 1; lastKnownFileType = text; name = DialExt.podspec; path = ../DialExt.podspec; sourceTree = "<group>"; };
		E4BA73D35DC3C145C1C6343B /* Pods_DialExt.framework */ = {isa = PBXFileReference; explicitFileType = wrapper.framework; includeInIndex = 0; path = Pods_DialExt.framework; sourceTree = BUILT_PRODUCTS_DIR; };
/* End PBXFileReference section */

/* Begin PBXFrameworksBuildPhase section */
		607FACCD1AFB9204008FA782 /* Frameworks */ = {
			isa = PBXFrameworksBuildPhase;
			buildActionMask = 2147483647;
			files = (
				7483166E1E72962500E4ADA8 /* DialExt.framework in Frameworks */,
				C5044BDDA6D85F2E00FD1C92 /* Pods_DialExt_Example.framework in Frameworks */,
			);
			runOnlyForDeploymentPostprocessing = 0;
		};
		607FACE21AFB9204008FA782 /* Frameworks */ = {
			isa = PBXFrameworksBuildPhase;
			buildActionMask = 2147483647;
			files = (
				54F60F3021DF43BD7B33C3D0 /* Pods_DialExt_Tests.framework in Frameworks */,
			);
			runOnlyForDeploymentPostprocessing = 0;
		};
		74170F211E79805B00E88FA8 /* Frameworks */ = {
			isa = PBXFrameworksBuildPhase;
			buildActionMask = 2147483647;
			files = (
			);
			runOnlyForDeploymentPostprocessing = 0;
		};
		748316551E72962500E4ADA8 /* Frameworks */ = {
			isa = PBXFrameworksBuildPhase;
			buildActionMask = 2147483647;
			files = (
				97126523B48340F7C2606824 /* Pods_DialExt.framework in Frameworks */,
			);
			runOnlyForDeploymentPostprocessing = 0;
		};
		7483165E1E72962500E4ADA8 /* Frameworks */ = {
			isa = PBXFrameworksBuildPhase;
			buildActionMask = 2147483647;
			files = (
				748316621E72962500E4ADA8 /* DialExt.framework in Frameworks */,
			);
			runOnlyForDeploymentPostprocessing = 0;
		};
/* End PBXFrameworksBuildPhase section */

/* Begin PBXGroup section */
		1948707F82FA2C4E025C8CCF /* Pods */ = {
			isa = PBXGroup;
			children = (
				4D288812AF4CDE6DB549AF93 /* Pods-DialExt_Example.debug.xcconfig */,
				2EE199AAC6FE189527752788 /* Pods-DialExt_Example.release.xcconfig */,
				7F6C8537E0E8B912477E0F70 /* Pods-DialExt_Tests.debug.xcconfig */,
				8EF5960D42B12F840A85154D /* Pods-DialExt_Tests.release.xcconfig */,
				B5A91CF6912E733A4A4375F6 /* Pods-DialExt.debug.xcconfig */,
				9EC222EB3A0177A488F471B2 /* Pods-DialExt.release.xcconfig */,
			);
			name = Pods;
			sourceTree = "<group>";
		};
		607FACC71AFB9204008FA782 = {
			isa = PBXGroup;
			children = (
				745CBE0E1E78017D00923ACF /* DialExt_Example.entitlements */,
				607FACF51AFB993E008FA782 /* Podspec Metadata */,
				607FACD21AFB9204008FA782 /* Example for DialExt */,
				607FACE81AFB9204008FA782 /* Tests */,
				7483165A1E72962500E4ADA8 /* DialExt */,
				748316671E72962500E4ADA8 /* DialExtTests */,
				74170F251E79805B00E88FA8 /* Share */,
				607FACD11AFB9204008FA782 /* Products */,
				1948707F82FA2C4E025C8CCF /* Pods */,
				9AD9753F518E79F85801B0FB /* Frameworks */,
			);
			sourceTree = "<group>";
		};
		607FACD11AFB9204008FA782 /* Products */ = {
			isa = PBXGroup;
			children = (
				607FACD01AFB9204008FA782 /* DialExt_Example.app */,
				607FACE51AFB9204008FA782 /* DialExt_Tests.xctest */,
				748316591E72962500E4ADA8 /* DialExt.framework */,
				748316611E72962500E4ADA8 /* DialExtTests.xctest */,
				74170F241E79805B00E88FA8 /* Share.appex */,
			);
			name = Products;
			sourceTree = "<group>";
		};
		607FACD21AFB9204008FA782 /* Example for DialExt */ = {
			isa = PBXGroup;
			children = (
				607FACD51AFB9204008FA782 /* AppDelegate.swift */,
				607FACD91AFB9204008FA782 /* Main.storyboard */,
				607FACDC1AFB9204008FA782 /* Images.xcassets */,
				607FACDE1AFB9204008FA782 /* LaunchScreen.xib */,
				607FACD31AFB9204008FA782 /* Supporting Files */,
			);
			name = "Example for DialExt";
			path = DialExt;
			sourceTree = "<group>";
		};
		607FACD31AFB9204008FA782 /* Supporting Files */ = {
			isa = PBXGroup;
			children = (
				607FACD41AFB9204008FA782 /* Info.plist */,
			);
			name = "Supporting Files";
			sourceTree = "<group>";
		};
		607FACE81AFB9204008FA782 /* Tests */ = {
			isa = PBXGroup;
			children = (
				607FACEB1AFB9204008FA782 /* Tests.swift */,
				607FACE91AFB9204008FA782 /* Supporting Files */,
			);
			path = Tests;
			sourceTree = "<group>";
		};
		607FACE91AFB9204008FA782 /* Supporting Files */ = {
			isa = PBXGroup;
			children = (
				607FACEA1AFB9204008FA782 /* Info.plist */,
			);
			name = "Supporting Files";
			sourceTree = "<group>";
		};
		607FACF51AFB993E008FA782 /* Podspec Metadata */ = {
			isa = PBXGroup;
			children = (
				BD6FDBAC201F739BC96914ED /* DialExt.podspec */,
				5120CC07B297BEE14BBDC6DD /* README.md */,
				4E1792AF413C6F41D9B5617B /* LICENSE */,
			);
			name = "Podspec Metadata";
			sourceTree = "<group>";
		};
		740157331E76E17F00ECF237 /* Protobuf */ = {
			isa = PBXGroup;
			children = (
				7401573A1E76F84700ECF237 /* Dialog.proto.swift */,
			);
			path = Protobuf;
			sourceTree = "<group>";
		};
		74170F251E79805B00E88FA8 /* Share */ = {
			isa = PBXGroup;
			children = (
				74A2A8541E79862C00E3D04D /* Share.entitlements */,
				74170F261E79805B00E88FA8 /* ShareViewController.swift */,
				74170F281E79805B00E88FA8 /* MainInterface.storyboard */,
				74170F2B1E79805B00E88FA8 /* Info.plist */,
			);
			path = Share;
			sourceTree = "<group>";
		};
		7483165A1E72962500E4ADA8 /* DialExt */ = {
			isa = PBXGroup;
			children = (
				7496AFB21E795F5D004DC2D9 /* ViewControllers */,
				7496AFAC1E793D26004DC2D9 /* SharedDataManager */,
				740157331E76E17F00ECF237 /* Protobuf */,
				74CDE2B71E72F38600F7A561 /* InterappMesenger */,
				748316871E72A99D00E4ADA8 /* GroupContainer */,
				748316801E72990100E4ADA8 /* Extensions */,
				7483167B1E72975C00E4ADA8 /* Keychain */,
				7483165B1E72962500E4ADA8 /* DialExt.h */,
				7483165C1E72962500E4ADA8 /* Info.plist */,
			);
			path = DialExt;
			sourceTree = "<group>";
		};
		748316671E72962500E4ADA8 /* DialExtTests */ = {
			isa = PBXGroup;
			children = (
				748316681E72962500E4ADA8 /* DialExtTests.swift */,
				7483166A1E72962500E4ADA8 /* Info.plist */,
			);
			path = DialExtTests;
			sourceTree = "<group>";
		};
		7483167B1E72975C00E4ADA8 /* Keychain */ = {
			isa = PBXGroup;
			children = (
				7483167C1E72978300E4ADA8 /* DEKeychainResult.swift */,
				7483167E1E72981300E4ADA8 /* DEKeychainQuery.swift */,
				748316831E729A1B00E4ADA8 /* DEKeychainDataProvider.swift */,
				748316851E729B8B00E4ADA8 /* DEKeychainWrapper.swift */,
			);
			path = Keychain;
			sourceTree = "<group>";
		};
		748316801E72990100E4ADA8 /* Extensions */ = {
			isa = PBXGroup;
			children = (
				748316811E72990D00E4ADA8 /* Dictionary+DialExt.swift */,
				74CDE2B51E72EF8D00F7A561 /* DispatchQueue+DialExt.swift */,
				7496AFAF1E794A73004DC2D9 /* DialogListContext+DialExt.swift */,
			);
			path = Extensions;
			sourceTree = "<group>";
		};
		748316871E72A99D00E4ADA8 /* GroupContainer */ = {
			isa = PBXGroup;
			children = (
				748316881E72AFC100E4ADA8 /* DEGroupContainer.swift */,
				7483168A1E72BBFF00E4ADA8 /* DEGroupContainerItem.swift */,
			);
			path = GroupContainer;
			sourceTree = "<group>";
		};
		7496AFAC1E793D26004DC2D9 /* SharedDataManager */ = {
			isa = PBXGroup;
			children = (
				7496AFAD1E793D37004DC2D9 /* DESharedDialogsManager.swift */,
			);
			path = SharedDataManager;
			sourceTree = "<group>";
		};
		7496AFB21E795F5D004DC2D9 /* ViewControllers */ = {
			isa = PBXGroup;
			children = (
				745CBE0B1E77F66200923ACF /* DialogCell.swift */,
				747A9E811E784B2D00AF50A0 /* ImageToShareCell.swift */,
				7496AFB51E795F87004DC2D9 /* DESharedDialogsViewController.swift */,
				7496AFB91E7962A1004DC2D9 /* DESharedDialogsViewController.storyboard */,
			);
			path = ViewControllers;
			sourceTree = "<group>";
		};
		74CDE2B71E72F38600F7A561 /* InterappMesenger */ = {
			isa = PBXGroup;
			children = (
				74CDE2B81E72F39500F7A561 /* DEInterappMessenger.swift */,
				74CDE2BA1E73016600F7A561 /* DESimpleInterappMessenger.swift */,
			);
			path = InterappMesenger;
			sourceTree = "<group>";
		};
		9AD9753F518E79F85801B0FB /* Frameworks */ = {
			isa = PBXGroup;
			children = (
				34079C08447EC7E3FC1DE8C8 /* Pods_DialExt_Example.framework */,
				03A9B86D79A61DF8A8A08345 /* Pods_DialExt_Tests.framework */,
				E4BA73D35DC3C145C1C6343B /* Pods_DialExt.framework */,
			);
			name = Frameworks;
			sourceTree = "<group>";
		};
/* End PBXGroup section */

/* Begin PBXHeadersBuildPhase section */
		748316561E72962500E4ADA8 /* Headers */ = {
			isa = PBXHeadersBuildPhase;
			buildActionMask = 2147483647;
			files = (
				7483166B1E72962500E4ADA8 /* DialExt.h in Headers */,
			);
			runOnlyForDeploymentPostprocessing = 0;
		};
/* End PBXHeadersBuildPhase section */

/* Begin PBXNativeTarget section */
		607FACCF1AFB9204008FA782 /* DialExt_Example */ = {
			isa = PBXNativeTarget;
			buildConfigurationList = 607FACEF1AFB9204008FA782 /* Build configuration list for PBXNativeTarget "DialExt_Example" */;
			buildPhases = (
				41008D4AA4E0A97333904CD1 /* [CP] Check Pods Manifest.lock */,
				607FACCC1AFB9204008FA782 /* Sources */,
				607FACCD1AFB9204008FA782 /* Frameworks */,
				607FACCE1AFB9204008FA782 /* Resources */,
				381FA7D060BB5C7D07847188 /* [CP] Embed Pods Frameworks */,
				C6D024FE886AFCA23C99BA41 /* [CP] Copy Pods Resources */,
				748316751E72962500E4ADA8 /* Embed Frameworks */,
				747A9E801E7839CF00AF50A0 /* Embed App Extensions */,
			);
			buildRules = (
			);
			dependencies = (
				7483166D1E72962500E4ADA8 /* PBXTargetDependency */,
				74170F2D1E79805B00E88FA8 /* PBXTargetDependency */,
			);
			name = DialExt_Example;
			productName = DialExt;
			productReference = 607FACD01AFB9204008FA782 /* DialExt_Example.app */;
			productType = "com.apple.product-type.application";
		};
		607FACE41AFB9204008FA782 /* DialExt_Tests */ = {
			isa = PBXNativeTarget;
			buildConfigurationList = 607FACF21AFB9204008FA782 /* Build configuration list for PBXNativeTarget "DialExt_Tests" */;
			buildPhases = (
				379EC2229CBB8FC6AAA03BD7 /* [CP] Check Pods Manifest.lock */,
				607FACE11AFB9204008FA782 /* Sources */,
				607FACE21AFB9204008FA782 /* Frameworks */,
				607FACE31AFB9204008FA782 /* Resources */,
				A2E90A5F02F98886EAED6732 /* [CP] Embed Pods Frameworks */,
				F52AD660CC891AEF6238B944 /* [CP] Copy Pods Resources */,
			);
			buildRules = (
			);
			dependencies = (
				607FACE71AFB9204008FA782 /* PBXTargetDependency */,
			);
			name = DialExt_Tests;
			productName = Tests;
			productReference = 607FACE51AFB9204008FA782 /* DialExt_Tests.xctest */;
			productType = "com.apple.product-type.bundle.unit-test";
		};
		74170F231E79805B00E88FA8 /* Share */ = {
			isa = PBXNativeTarget;
			buildConfigurationList = 74170F2F1E79805B00E88FA8 /* Build configuration list for PBXNativeTarget "Share" */;
			buildPhases = (
				74170F201E79805B00E88FA8 /* Sources */,
				74170F211E79805B00E88FA8 /* Frameworks */,
				74170F221E79805B00E88FA8 /* Resources */,
			);
			buildRules = (
			);
			dependencies = (
			);
			name = Share;
			productName = Share;
			productReference = 74170F241E79805B00E88FA8 /* Share.appex */;
			productType = "com.apple.product-type.app-extension";
		};
		748316581E72962500E4ADA8 /* DialExt */ = {
			isa = PBXNativeTarget;
			buildConfigurationList = 748316741E72962500E4ADA8 /* Build configuration list for PBXNativeTarget "DialExt" */;
			buildPhases = (
				F2C483AF93E2783086CF7CCA /* [CP] Check Pods Manifest.lock */,
				748316541E72962500E4ADA8 /* Sources */,
				748316551E72962500E4ADA8 /* Frameworks */,
				748316561E72962500E4ADA8 /* Headers */,
				748316571E72962500E4ADA8 /* Resources */,
				8BC8DD364E3CC3FBB5F27632 /* [CP] Copy Pods Resources */,
			);
			buildRules = (
			);
			dependencies = (
			);
			name = DialExt;
			productName = DialExt;
			productReference = 748316591E72962500E4ADA8 /* DialExt.framework */;
			productType = "com.apple.product-type.framework";
		};
		748316601E72962500E4ADA8 /* DialExtTests */ = {
			isa = PBXNativeTarget;
			buildConfigurationList = 748316761E72962500E4ADA8 /* Build configuration list for PBXNativeTarget "DialExtTests" */;
			buildPhases = (
				7483165D1E72962500E4ADA8 /* Sources */,
				7483165E1E72962500E4ADA8 /* Frameworks */,
				7483165F1E72962500E4ADA8 /* Resources */,
			);
			buildRules = (
			);
			dependencies = (
				748316641E72962500E4ADA8 /* PBXTargetDependency */,
				748316661E72962500E4ADA8 /* PBXTargetDependency */,
			);
			name = DialExtTests;
			productName = DialExtTests;
			productReference = 748316611E72962500E4ADA8 /* DialExtTests.xctest */;
			productType = "com.apple.product-type.bundle.unit-test";
		};
/* End PBXNativeTarget section */

/* Begin PBXProject section */
		607FACC81AFB9204008FA782 /* Project object */ = {
			isa = PBXProject;
			attributes = {
				LastSwiftUpdateCheck = 0820;
				LastUpgradeCheck = 0820;
				ORGANIZATIONNAME = CocoaPods;
				TargetAttributes = {
					607FACCF1AFB9204008FA782 = {
						CreatedOnToolsVersion = 6.3.1;
						DevelopmentTeam = 928Y9276U3;
						LastSwiftMigration = 0820;
						ProvisioningStyle = Manual;
						SystemCapabilities = {
							com.apple.ApplicationGroups.iOS = {
								enabled = 1;
							};
							com.apple.Keychain = {
								enabled = 1;
							};
						};
					};
					607FACE41AFB9204008FA782 = {
						CreatedOnToolsVersion = 6.3.1;
						DevelopmentTeam = 928Y9276U3;
						LastSwiftMigration = 0820;
						ProvisioningStyle = Manual;
						TestTargetID = 607FACCF1AFB9204008FA782;
					};
					74170F231E79805B00E88FA8 = {
						CreatedOnToolsVersion = 8.2.1;
						DevelopmentTeam = 928Y9276U3;
						ProvisioningStyle = Automatic;
						SystemCapabilities = {
							com.apple.ApplicationGroups.iOS = {
								enabled = 1;
							};
							com.apple.Keychain = {
								enabled = 1;
							};
						};
					};
					748316581E72962500E4ADA8 = {
						CreatedOnToolsVersion = 8.2.1;
						DevelopmentTeam = 928Y9276U3;
						LastSwiftMigration = 0820;
						ProvisioningStyle = Manual;
					};
					748316601E72962500E4ADA8 = {
						CreatedOnToolsVersion = 8.2.1;
						DevelopmentTeam = 928Y9276U3;
						ProvisioningStyle = Manual;
						TestTargetID = 607FACCF1AFB9204008FA782;
					};
				};
			};
			buildConfigurationList = 607FACCB1AFB9204008FA782 /* Build configuration list for PBXProject "DialExt" */;
			compatibilityVersion = "Xcode 3.2";
			developmentRegion = English;
			hasScannedForEncodings = 0;
			knownRegions = (
				en,
				Base,
			);
			mainGroup = 607FACC71AFB9204008FA782;
			productRefGroup = 607FACD11AFB9204008FA782 /* Products */;
			projectDirPath = "";
			projectRoot = "";
			targets = (
				748316581E72962500E4ADA8 /* DialExt */,
				607FACCF1AFB9204008FA782 /* DialExt_Example */,
				748316601E72962500E4ADA8 /* DialExtTests */,
				607FACE41AFB9204008FA782 /* DialExt_Tests */,
				74170F231E79805B00E88FA8 /* Share */,
			);
		};
/* End PBXProject section */

/* Begin PBXResourcesBuildPhase section */
		607FACCE1AFB9204008FA782 /* Resources */ = {
			isa = PBXResourcesBuildPhase;
			buildActionMask = 2147483647;
			files = (
				607FACDB1AFB9204008FA782 /* Main.storyboard in Resources */,
				607FACE01AFB9204008FA782 /* LaunchScreen.xib in Resources */,
				607FACDD1AFB9204008FA782 /* Images.xcassets in Resources */,
			);
			runOnlyForDeploymentPostprocessing = 0;
		};
		607FACE31AFB9204008FA782 /* Resources */ = {
			isa = PBXResourcesBuildPhase;
			buildActionMask = 2147483647;
			files = (
			);
			runOnlyForDeploymentPostprocessing = 0;
		};
		74170F221E79805B00E88FA8 /* Resources */ = {
			isa = PBXResourcesBuildPhase;
			buildActionMask = 2147483647;
			files = (
				74170F2A1E79805B00E88FA8 /* MainInterface.storyboard in Resources */,
			);
			runOnlyForDeploymentPostprocessing = 0;
		};
		748316571E72962500E4ADA8 /* Resources */ = {
			isa = PBXResourcesBuildPhase;
			buildActionMask = 2147483647;
			files = (
				7496AFBA1E7962A1004DC2D9 /* DESharedDialogsViewController.storyboard in Resources */,
			);
			runOnlyForDeploymentPostprocessing = 0;
		};
		7483165F1E72962500E4ADA8 /* Resources */ = {
			isa = PBXResourcesBuildPhase;
			buildActionMask = 2147483647;
			files = (
			);
			runOnlyForDeploymentPostprocessing = 0;
		};
/* End PBXResourcesBuildPhase section */

/* Begin PBXShellScriptBuildPhase section */
		379EC2229CBB8FC6AAA03BD7 /* [CP] Check Pods Manifest.lock */ = {
			isa = PBXShellScriptBuildPhase;
			buildActionMask = 2147483647;
			files = (
			);
			inputPaths = (
			);
			name = "[CP] Check Pods Manifest.lock";
			outputPaths = (
			);
			runOnlyForDeploymentPostprocessing = 0;
			shellPath = /bin/sh;
			shellScript = "diff \"${PODS_ROOT}/../Podfile.lock\" \"${PODS_ROOT}/Manifest.lock\" > /dev/null\nif [ $? != 0 ] ; then\n    # print error to STDERR\n    echo \"error: The sandbox is not in sync with the Podfile.lock. Run 'pod install' or update your CocoaPods installation.\" >&2\n    exit 1\nfi\n";
			showEnvVarsInLog = 0;
		};
		381FA7D060BB5C7D07847188 /* [CP] Embed Pods Frameworks */ = {
			isa = PBXShellScriptBuildPhase;
			buildActionMask = 2147483647;
			files = (
			);
			inputPaths = (
			);
			name = "[CP] Embed Pods Frameworks";
			outputPaths = (
			);
			runOnlyForDeploymentPostprocessing = 0;
			shellPath = /bin/sh;
			shellScript = "\"${SRCROOT}/Pods/Target Support Files/Pods-DialExt_Example/Pods-DialExt_Example-frameworks.sh\"\n";
			showEnvVarsInLog = 0;
		};
		41008D4AA4E0A97333904CD1 /* [CP] Check Pods Manifest.lock */ = {
			isa = PBXShellScriptBuildPhase;
			buildActionMask = 2147483647;
			files = (
			);
			inputPaths = (
			);
			name = "[CP] Check Pods Manifest.lock";
			outputPaths = (
			);
			runOnlyForDeploymentPostprocessing = 0;
			shellPath = /bin/sh;
			shellScript = "diff \"${PODS_ROOT}/../Podfile.lock\" \"${PODS_ROOT}/Manifest.lock\" > /dev/null\nif [ $? != 0 ] ; then\n    # print error to STDERR\n    echo \"error: The sandbox is not in sync with the Podfile.lock. Run 'pod install' or update your CocoaPods installation.\" >&2\n    exit 1\nfi\n";
			showEnvVarsInLog = 0;
		};
		8BC8DD364E3CC3FBB5F27632 /* [CP] Copy Pods Resources */ = {
			isa = PBXShellScriptBuildPhase;
			buildActionMask = 2147483647;
			files = (
			);
			inputPaths = (
			);
			name = "[CP] Copy Pods Resources";
			outputPaths = (
			);
			runOnlyForDeploymentPostprocessing = 0;
			shellPath = /bin/sh;
			shellScript = "\"${SRCROOT}/Pods/Target Support Files/Pods-DialExt/Pods-DialExt-resources.sh\"\n";
			showEnvVarsInLog = 0;
		};
		A2E90A5F02F98886EAED6732 /* [CP] Embed Pods Frameworks */ = {
			isa = PBXShellScriptBuildPhase;
			buildActionMask = 2147483647;
			files = (
			);
			inputPaths = (
			);
			name = "[CP] Embed Pods Frameworks";
			outputPaths = (
			);
			runOnlyForDeploymentPostprocessing = 0;
			shellPath = /bin/sh;
			shellScript = "\"${SRCROOT}/Pods/Target Support Files/Pods-DialExt_Tests/Pods-DialExt_Tests-frameworks.sh\"\n";
			showEnvVarsInLog = 0;
		};
		C6D024FE886AFCA23C99BA41 /* [CP] Copy Pods Resources */ = {
			isa = PBXShellScriptBuildPhase;
			buildActionMask = 2147483647;
			files = (
			);
			inputPaths = (
			);
			name = "[CP] Copy Pods Resources";
			outputPaths = (
			);
			runOnlyForDeploymentPostprocessing = 0;
			shellPath = /bin/sh;
			shellScript = "\"${SRCROOT}/Pods/Target Support Files/Pods-DialExt_Example/Pods-DialExt_Example-resources.sh\"\n";
			showEnvVarsInLog = 0;
		};
		F2C483AF93E2783086CF7CCA /* [CP] Check Pods Manifest.lock */ = {
			isa = PBXShellScriptBuildPhase;
			buildActionMask = 2147483647;
			files = (
			);
			inputPaths = (
			);
			name = "[CP] Check Pods Manifest.lock";
			outputPaths = (
			);
			runOnlyForDeploymentPostprocessing = 0;
			shellPath = /bin/sh;
			shellScript = "diff \"${PODS_ROOT}/../Podfile.lock\" \"${PODS_ROOT}/Manifest.lock\" > /dev/null\nif [ $? != 0 ] ; then\n    # print error to STDERR\n    echo \"error: The sandbox is not in sync with the Podfile.lock. Run 'pod install' or update your CocoaPods installation.\" >&2\n    exit 1\nfi\n";
			showEnvVarsInLog = 0;
		};
		F52AD660CC891AEF6238B944 /* [CP] Copy Pods Resources */ = {
			isa = PBXShellScriptBuildPhase;
			buildActionMask = 2147483647;
			files = (
			);
			inputPaths = (
			);
			name = "[CP] Copy Pods Resources";
			outputPaths = (
			);
			runOnlyForDeploymentPostprocessing = 0;
			shellPath = /bin/sh;
			shellScript = "\"${SRCROOT}/Pods/Target Support Files/Pods-DialExt_Tests/Pods-DialExt_Tests-resources.sh\"\n";
			showEnvVarsInLog = 0;
		};
/* End PBXShellScriptBuildPhase section */

/* Begin PBXSourcesBuildPhase section */
		607FACCC1AFB9204008FA782 /* Sources */ = {
			isa = PBXSourcesBuildPhase;
			buildActionMask = 2147483647;
			files = (
				607FACD61AFB9204008FA782 /* AppDelegate.swift in Sources */,
			);
			runOnlyForDeploymentPostprocessing = 0;
		};
		607FACE11AFB9204008FA782 /* Sources */ = {
			isa = PBXSourcesBuildPhase;
			buildActionMask = 2147483647;
			files = (
				607FACEC1AFB9204008FA782 /* Tests.swift in Sources */,
			);
			runOnlyForDeploymentPostprocessing = 0;
		};
		74170F201E79805B00E88FA8 /* Sources */ = {
			isa = PBXSourcesBuildPhase;
			buildActionMask = 2147483647;
			files = (
				74170F271E79805B00E88FA8 /* ShareViewController.swift in Sources */,
			);
			runOnlyForDeploymentPostprocessing = 0;
		};
		748316541E72962500E4ADA8 /* Sources */ = {
			isa = PBXSourcesBuildPhase;
			buildActionMask = 2147483647;
			files = (
				748316861E729B8B00E4ADA8 /* DEKeychainWrapper.swift in Sources */,
				74CDE2BB1E73016600F7A561 /* DESimpleInterappMessenger.swift in Sources */,
				74CDE2B61E72EF8D00F7A561 /* DispatchQueue+DialExt.swift in Sources */,
				7483168B1E72BBFF00E4ADA8 /* DEGroupContainerItem.swift in Sources */,
				7496AFB71E795FDB004DC2D9 /* ImageToShareCell.swift in Sources */,
				7496AFB61E795F87004DC2D9 /* DESharedDialogsViewController.swift in Sources */,
				748316891E72AFC100E4ADA8 /* DEGroupContainer.swift in Sources */,
				748316821E72990D00E4ADA8 /* Dictionary+DialExt.swift in Sources */,
				74CDE2B91E72F39500F7A561 /* DEInterappMessenger.swift in Sources */,
				7401573B1E76F84700ECF237 /* Dialog.proto.swift in Sources */,
				748316841E729A1B00E4ADA8 /* DEKeychainDataProvider.swift in Sources */,
				7496AFB81E795FDD004DC2D9 /* DialogCell.swift in Sources */,
				7483167D1E72978300E4ADA8 /* DEKeychainResult.swift in Sources */,
				7496AFB01E794A73004DC2D9 /* DialogListContext+DialExt.swift in Sources */,
				7496AFAE1E793D37004DC2D9 /* DESharedDialogsManager.swift in Sources */,
				7483167F1E72981300E4ADA8 /* DEKeychainQuery.swift in Sources */,
			);
			runOnlyForDeploymentPostprocessing = 0;
		};
		7483165D1E72962500E4ADA8 /* Sources */ = {
			isa = PBXSourcesBuildPhase;
			buildActionMask = 2147483647;
			files = (
				748316691E72962500E4ADA8 /* DialExtTests.swift in Sources */,
			);
			runOnlyForDeploymentPostprocessing = 0;
		};
/* End PBXSourcesBuildPhase section */

/* Begin PBXTargetDependency section */
		607FACE71AFB9204008FA782 /* PBXTargetDependency */ = {
			isa = PBXTargetDependency;
			target = 607FACCF1AFB9204008FA782 /* DialExt_Example */;
			targetProxy = 607FACE61AFB9204008FA782 /* PBXContainerItemProxy */;
		};
		74170F2D1E79805B00E88FA8 /* PBXTargetDependency */ = {
			isa = PBXTargetDependency;
			target = 74170F231E79805B00E88FA8 /* Share */;
			targetProxy = 74170F2C1E79805B00E88FA8 /* PBXContainerItemProxy */;
		};
		748316641E72962500E4ADA8 /* PBXTargetDependency */ = {
			isa = PBXTargetDependency;
			target = 748316581E72962500E4ADA8 /* DialExt */;
			targetProxy = 748316631E72962500E4ADA8 /* PBXContainerItemProxy */;
		};
		748316661E72962500E4ADA8 /* PBXTargetDependency */ = {
			isa = PBXTargetDependency;
			target = 607FACCF1AFB9204008FA782 /* DialExt_Example */;
			targetProxy = 748316651E72962500E4ADA8 /* PBXContainerItemProxy */;
		};
		7483166D1E72962500E4ADA8 /* PBXTargetDependency */ = {
			isa = PBXTargetDependency;
			target = 748316581E72962500E4ADA8 /* DialExt */;
			targetProxy = 7483166C1E72962500E4ADA8 /* PBXContainerItemProxy */;
		};
/* End PBXTargetDependency section */

/* Begin PBXVariantGroup section */
		607FACD91AFB9204008FA782 /* Main.storyboard */ = {
			isa = PBXVariantGroup;
			children = (
				607FACDA1AFB9204008FA782 /* Base */,
			);
			name = Main.storyboard;
			sourceTree = "<group>";
		};
		607FACDE1AFB9204008FA782 /* LaunchScreen.xib */ = {
			isa = PBXVariantGroup;
			children = (
				607FACDF1AFB9204008FA782 /* Base */,
			);
			name = LaunchScreen.xib;
			sourceTree = "<group>";
		};
		74170F281E79805B00E88FA8 /* MainInterface.storyboard */ = {
			isa = PBXVariantGroup;
			children = (
				74170F291E79805B00E88FA8 /* Base */,
			);
			name = MainInterface.storyboard;
			sourceTree = "<group>";
		};
/* End PBXVariantGroup section */

/* Begin XCBuildConfiguration section */
		607FACED1AFB9204008FA782 /* Debug */ = {
			isa = XCBuildConfiguration;
			buildSettings = {
				ALWAYS_SEARCH_USER_PATHS = NO;
				CLANG_CXX_LANGUAGE_STANDARD = "gnu++0x";
				CLANG_CXX_LIBRARY = "libc++";
				CLANG_ENABLE_MODULES = YES;
				CLANG_ENABLE_OBJC_ARC = YES;
				CLANG_WARN_BOOL_CONVERSION = YES;
				CLANG_WARN_CONSTANT_CONVERSION = YES;
				CLANG_WARN_DIRECT_OBJC_ISA_USAGE = YES_ERROR;
				CLANG_WARN_EMPTY_BODY = YES;
				CLANG_WARN_ENUM_CONVERSION = YES;
				CLANG_WARN_INFINITE_RECURSION = YES;
				CLANG_WARN_INT_CONVERSION = YES;
				CLANG_WARN_OBJC_ROOT_CLASS = YES_ERROR;
				CLANG_WARN_SUSPICIOUS_MOVE = YES;
				CLANG_WARN_UNREACHABLE_CODE = YES;
				CLANG_WARN__DUPLICATE_METHOD_MATCH = YES;
				"CODE_SIGN_IDENTITY[sdk=iphoneos*]" = "iPhone Developer";
				COPY_PHASE_STRIP = NO;
				DEBUG_INFORMATION_FORMAT = "dwarf-with-dsym";
				ENABLE_STRICT_OBJC_MSGSEND = YES;
				ENABLE_TESTABILITY = YES;
				GCC_C_LANGUAGE_STANDARD = gnu99;
				GCC_DYNAMIC_NO_PIC = NO;
				GCC_NO_COMMON_BLOCKS = YES;
				GCC_OPTIMIZATION_LEVEL = 0;
				GCC_PREPROCESSOR_DEFINITIONS = (
					"DEBUG=1",
					"$(inherited)",
				);
				GCC_SYMBOLS_PRIVATE_EXTERN = NO;
				GCC_WARN_64_TO_32_BIT_CONVERSION = YES;
				GCC_WARN_ABOUT_RETURN_TYPE = YES_ERROR;
				GCC_WARN_UNDECLARED_SELECTOR = YES;
				GCC_WARN_UNINITIALIZED_AUTOS = YES_AGGRESSIVE;
				GCC_WARN_UNUSED_FUNCTION = YES;
				GCC_WARN_UNUSED_VARIABLE = YES;
				IPHONEOS_DEPLOYMENT_TARGET = 9.0;
				MTL_ENABLE_DEBUG_INFO = YES;
				ONLY_ACTIVE_ARCH = YES;
				SDKROOT = iphoneos;
				SWIFT_OPTIMIZATION_LEVEL = "-Onone";
			};
			name = Debug;
		};
		607FACEE1AFB9204008FA782 /* Release */ = {
			isa = XCBuildConfiguration;
			buildSettings = {
				ALWAYS_SEARCH_USER_PATHS = NO;
				CLANG_CXX_LANGUAGE_STANDARD = "gnu++0x";
				CLANG_CXX_LIBRARY = "libc++";
				CLANG_ENABLE_MODULES = YES;
				CLANG_ENABLE_OBJC_ARC = YES;
				CLANG_WARN_BOOL_CONVERSION = YES;
				CLANG_WARN_CONSTANT_CONVERSION = YES;
				CLANG_WARN_DIRECT_OBJC_ISA_USAGE = YES_ERROR;
				CLANG_WARN_EMPTY_BODY = YES;
				CLANG_WARN_ENUM_CONVERSION = YES;
				CLANG_WARN_INFINITE_RECURSION = YES;
				CLANG_WARN_INT_CONVERSION = YES;
				CLANG_WARN_OBJC_ROOT_CLASS = YES_ERROR;
				CLANG_WARN_SUSPICIOUS_MOVE = YES;
				CLANG_WARN_UNREACHABLE_CODE = YES;
				CLANG_WARN__DUPLICATE_METHOD_MATCH = YES;
				"CODE_SIGN_IDENTITY[sdk=iphoneos*]" = "iPhone Developer";
				COPY_PHASE_STRIP = NO;
				DEBUG_INFORMATION_FORMAT = "dwarf-with-dsym";
				ENABLE_NS_ASSERTIONS = NO;
				ENABLE_STRICT_OBJC_MSGSEND = YES;
				GCC_C_LANGUAGE_STANDARD = gnu99;
				GCC_NO_COMMON_BLOCKS = YES;
				GCC_WARN_64_TO_32_BIT_CONVERSION = YES;
				GCC_WARN_ABOUT_RETURN_TYPE = YES_ERROR;
				GCC_WARN_UNDECLARED_SELECTOR = YES;
				GCC_WARN_UNINITIALIZED_AUTOS = YES_AGGRESSIVE;
				GCC_WARN_UNUSED_FUNCTION = YES;
				GCC_WARN_UNUSED_VARIABLE = YES;
				IPHONEOS_DEPLOYMENT_TARGET = 9.0;
				MTL_ENABLE_DEBUG_INFO = NO;
				SDKROOT = iphoneos;
				SWIFT_OPTIMIZATION_LEVEL = "-Owholemodule";
				VALIDATE_PRODUCT = YES;
			};
			name = Release;
		};
		607FACF01AFB9204008FA782 /* Debug */ = {
			isa = XCBuildConfiguration;
			baseConfigurationReference = 4D288812AF4CDE6DB549AF93 /* Pods-DialExt_Example.debug.xcconfig */;
			buildSettings = {
				ALWAYS_EMBED_SWIFT_STANDARD_LIBRARIES = YES;
				ASSETCATALOG_COMPILER_APPICON_NAME = AppIcon;
				CODE_SIGN_ENTITLEMENTS = DialExt_Example.entitlements;
				DEVELOPMENT_TEAM = 928Y9276U3;
				INFOPLIST_FILE = DialExt/Info.plist;
				LD_RUNPATH_SEARCH_PATHS = "$(inherited) @executable_path/Frameworks";
				MODULE_NAME = ExampleApp;
				PRODUCT_BUNDLE_IDENTIFIER = im.dlg.DialExtApp;
				PRODUCT_NAME = "$(TARGET_NAME)";
				PROVISIONING_PROFILE = "9f9e1abd-3e84-48ba-9d4a-35188c0175a2";
				PROVISIONING_PROFILE_SPECIFIER = "DialExt Test App";
				SWIFT_VERSION = 3.0;
			};
			name = Debug;
		};
		607FACF11AFB9204008FA782 /* Release */ = {
			isa = XCBuildConfiguration;
			baseConfigurationReference = 2EE199AAC6FE189527752788 /* Pods-DialExt_Example.release.xcconfig */;
			buildSettings = {
				ALWAYS_EMBED_SWIFT_STANDARD_LIBRARIES = YES;
				ASSETCATALOG_COMPILER_APPICON_NAME = AppIcon;
				CODE_SIGN_ENTITLEMENTS = DialExt_Example.entitlements;
				DEVELOPMENT_TEAM = 928Y9276U3;
				INFOPLIST_FILE = DialExt/Info.plist;
				LD_RUNPATH_SEARCH_PATHS = "$(inherited) @executable_path/Frameworks";
				MODULE_NAME = ExampleApp;
				PRODUCT_BUNDLE_IDENTIFIER = im.dlg.DialExtApp;
				PRODUCT_NAME = "$(TARGET_NAME)";
				PROVISIONING_PROFILE = "9f9e1abd-3e84-48ba-9d4a-35188c0175a2";
				PROVISIONING_PROFILE_SPECIFIER = "DialExt Test App";
				SWIFT_VERSION = 3.0;
			};
			name = Release;
		};
		607FACF31AFB9204008FA782 /* Debug */ = {
			isa = XCBuildConfiguration;
			baseConfigurationReference = 7F6C8537E0E8B912477E0F70 /* Pods-DialExt_Tests.debug.xcconfig */;
			buildSettings = {
				DEVELOPMENT_TEAM = 928Y9276U3;
				FRAMEWORK_SEARCH_PATHS = (
					"$(SDKROOT)/Developer/Library/Frameworks",
					"$(inherited)",
				);
				GCC_PREPROCESSOR_DEFINITIONS = (
					"DEBUG=1",
					"$(inherited)",
				);
				INFOPLIST_FILE = Tests/Info.plist;
				LD_RUNPATH_SEARCH_PATHS = "$(inherited) @executable_path/Frameworks @loader_path/Frameworks";
				PRODUCT_BUNDLE_IDENTIFIER = "org.cocoapods.$(PRODUCT_NAME:rfc1034identifier)";
				PRODUCT_NAME = "$(TARGET_NAME)";
				SWIFT_VERSION = 3.0;
			};
			name = Debug;
		};
		607FACF41AFB9204008FA782 /* Release */ = {
			isa = XCBuildConfiguration;
			baseConfigurationReference = 8EF5960D42B12F840A85154D /* Pods-DialExt_Tests.release.xcconfig */;
			buildSettings = {
				DEVELOPMENT_TEAM = "";
				FRAMEWORK_SEARCH_PATHS = (
					"$(SDKROOT)/Developer/Library/Frameworks",
					"$(inherited)",
				);
				INFOPLIST_FILE = Tests/Info.plist;
				LD_RUNPATH_SEARCH_PATHS = "$(inherited) @executable_path/Frameworks @loader_path/Frameworks";
				PRODUCT_BUNDLE_IDENTIFIER = "org.cocoapods.$(PRODUCT_NAME:rfc1034identifier)";
				PRODUCT_NAME = "$(TARGET_NAME)";
				SWIFT_VERSION = 3.0;
			};
			name = Release;
		};
		74170F301E79805B00E88FA8 /* Debug */ = {
			isa = XCBuildConfiguration;
			buildSettings = {
				CLANG_ANALYZER_NONNULL = YES;
				CLANG_WARN_DOCUMENTATION_COMMENTS = YES;
				CODE_SIGN_ENTITLEMENTS = Share/Share.entitlements;
				DEBUG_INFORMATION_FORMAT = dwarf;
				DEVELOPMENT_TEAM = 928Y9276U3;
				INFOPLIST_FILE = Share/Info.plist;
				IPHONEOS_DEPLOYMENT_TARGET = 10.2;
				LD_RUNPATH_SEARCH_PATHS = "$(inherited) @executable_path/Frameworks @executable_path/../../Frameworks";
				PRODUCT_BUNDLE_IDENTIFIER = im.dlg.DialExtApp.Share;
				PRODUCT_NAME = "$(TARGET_NAME)";
				SKIP_INSTALL = YES;
				SWIFT_ACTIVE_COMPILATION_CONDITIONS = DEBUG;
				SWIFT_VERSION = 3.0;
			};
			name = Debug;
		};
		74170F311E79805B00E88FA8 /* Release */ = {
			isa = XCBuildConfiguration;
			buildSettings = {
				CLANG_ANALYZER_NONNULL = YES;
				CLANG_WARN_DOCUMENTATION_COMMENTS = YES;
				CODE_SIGN_ENTITLEMENTS = Share/Share.entitlements;
				DEVELOPMENT_TEAM = 928Y9276U3;
				INFOPLIST_FILE = Share/Info.plist;
				IPHONEOS_DEPLOYMENT_TARGET = 10.2;
				LD_RUNPATH_SEARCH_PATHS = "$(inherited) @executable_path/Frameworks @executable_path/../../Frameworks";
				PRODUCT_BUNDLE_IDENTIFIER = im.dlg.DialExtApp.Share;
				PRODUCT_NAME = "$(TARGET_NAME)";
				SKIP_INSTALL = YES;
				SWIFT_VERSION = 3.0;
			};
			name = Release;
		};
		748316701E72962500E4ADA8 /* Debug */ = {
			isa = XCBuildConfiguration;
			baseConfigurationReference = B5A91CF6912E733A4A4375F6 /* Pods-DialExt.debug.xcconfig */;
			buildSettings = {
				CLANG_ANALYZER_NONNULL = YES;
				CLANG_ENABLE_MODULES = YES;
				CLANG_WARN_DOCUMENTATION_COMMENTS = YES;
				CODE_SIGN_IDENTITY = "";
				"CODE_SIGN_IDENTITY[sdk=iphoneos*]" = "iPhone Developer";
				CURRENT_PROJECT_VERSION = 1;
				DEBUG_INFORMATION_FORMAT = dwarf;
				DEFINES_MODULE = YES;
				DEVELOPMENT_TEAM = 928Y9276U3;
				DYLIB_COMPATIBILITY_VERSION = 1;
				DYLIB_CURRENT_VERSION = 1;
				DYLIB_INSTALL_NAME_BASE = "@rpath";
				INFOPLIST_FILE = DialExt/Info.plist;
				INSTALL_PATH = "$(LOCAL_LIBRARY_DIR)/Frameworks";
				IPHONEOS_DEPLOYMENT_TARGET = 9.0;
				LD_RUNPATH_SEARCH_PATHS = "$(inherited) @executable_path/Frameworks @loader_path/Frameworks";
				PRODUCT_BUNDLE_IDENTIFIER = im.dlg.DialExt;
				PRODUCT_NAME = "$(TARGET_NAME)";
				SKIP_INSTALL = YES;
				SWIFT_ACTIVE_COMPILATION_CONDITIONS = DEBUG;
				SWIFT_OPTIMIZATION_LEVEL = "-Onone";
				SWIFT_VERSION = 3.0;
				TARGETED_DEVICE_FAMILY = "1,2";
				VERSIONING_SYSTEM = "apple-generic";
				VERSION_INFO_PREFIX = "";
			};
			name = Debug;
		};
		748316711E72962500E4ADA8 /* Release */ = {
			isa = XCBuildConfiguration;
			baseConfigurationReference = 9EC222EB3A0177A488F471B2 /* Pods-DialExt.release.xcconfig */;
			buildSettings = {
				CLANG_ANALYZER_NONNULL = YES;
				CLANG_ENABLE_MODULES = YES;
				CLANG_WARN_DOCUMENTATION_COMMENTS = YES;
				CODE_SIGN_IDENTITY = "";
				CURRENT_PROJECT_VERSION = 1;
				DEFINES_MODULE = YES;
				DEVELOPMENT_TEAM = "";
				DYLIB_COMPATIBILITY_VERSION = 1;
				DYLIB_CURRENT_VERSION = 1;
				DYLIB_INSTALL_NAME_BASE = "@rpath";
				INFOPLIST_FILE = DialExt/Info.plist;
				INSTALL_PATH = "$(LOCAL_LIBRARY_DIR)/Frameworks";
				IPHONEOS_DEPLOYMENT_TARGET = 9.0;
				LD_RUNPATH_SEARCH_PATHS = "$(inherited) @executable_path/Frameworks @loader_path/Frameworks";
				PRODUCT_BUNDLE_IDENTIFIER = im.dlg.DialExt;
				PRODUCT_NAME = "$(TARGET_NAME)";
				SKIP_INSTALL = YES;
				SWIFT_VERSION = 3.0;
				TARGETED_DEVICE_FAMILY = "1,2";
				VERSIONING_SYSTEM = "apple-generic";
				VERSION_INFO_PREFIX = "";
			};
			name = Release;
		};
		748316721E72962500E4ADA8 /* Debug */ = {
			isa = XCBuildConfiguration;
			buildSettings = {
				ALWAYS_EMBED_SWIFT_STANDARD_LIBRARIES = YES;
				CLANG_ANALYZER_NONNULL = YES;
				CLANG_WARN_DOCUMENTATION_COMMENTS = YES;
				DEBUG_INFORMATION_FORMAT = dwarf;
				DEVELOPMENT_TEAM = 928Y9276U3;
				INFOPLIST_FILE = DialExtTests/Info.plist;
				IPHONEOS_DEPLOYMENT_TARGET = 10.2;
				LD_RUNPATH_SEARCH_PATHS = "$(inherited) @executable_path/Frameworks @loader_path/Frameworks";
				PRODUCT_BUNDLE_IDENTIFIER = im.dlg.DialExtTests;
				PRODUCT_NAME = "$(TARGET_NAME)";
				SWIFT_ACTIVE_COMPILATION_CONDITIONS = DEBUG;
				SWIFT_VERSION = 3.0;
				TEST_HOST = "$(BUILT_PRODUCTS_DIR)/DialExt_Example.app/DialExt_Example";
			};
			name = Debug;
		};
		748316731E72962500E4ADA8 /* Release */ = {
			isa = XCBuildConfiguration;
			buildSettings = {
				ALWAYS_EMBED_SWIFT_STANDARD_LIBRARIES = YES;
				CLANG_ANALYZER_NONNULL = YES;
				CLANG_WARN_DOCUMENTATION_COMMENTS = YES;
				DEVELOPMENT_TEAM = "";
				INFOPLIST_FILE = DialExtTests/Info.plist;
				IPHONEOS_DEPLOYMENT_TARGET = 10.2;
				LD_RUNPATH_SEARCH_PATHS = "$(inherited) @executable_path/Frameworks @loader_path/Frameworks";
				PRODUCT_BUNDLE_IDENTIFIER = im.dlg.DialExtTests;
				PRODUCT_NAME = "$(TARGET_NAME)";
				SWIFT_VERSION = 3.0;
				TEST_HOST = "$(BUILT_PRODUCTS_DIR)/DialExt_Example.app/DialExt_Example";
			};
			name = Release;
		};
/* End XCBuildConfiguration section */

/* Begin XCConfigurationList section */
		607FACCB1AFB9204008FA782 /* Build configuration list for PBXProject "DialExt" */ = {
			isa = XCConfigurationList;
			buildConfigurations = (
				607FACED1AFB9204008FA782 /* Debug */,
				607FACEE1AFB9204008FA782 /* Release */,
			);
			defaultConfigurationIsVisible = 0;
			defaultConfigurationName = Release;
		};
		607FACEF1AFB9204008FA782 /* Build configuration list for PBXNativeTarget "DialExt_Example" */ = {
			isa = XCConfigurationList;
			buildConfigurations = (
				607FACF01AFB9204008FA782 /* Debug */,
				607FACF11AFB9204008FA782 /* Release */,
			);
			defaultConfigurationIsVisible = 0;
			defaultConfigurationName = Release;
		};
		607FACF21AFB9204008FA782 /* Build configuration list for PBXNativeTarget "DialExt_Tests" */ = {
			isa = XCConfigurationList;
			buildConfigurations = (
				607FACF31AFB9204008FA782 /* Debug */,
				607FACF41AFB9204008FA782 /* Release */,
			);
			defaultConfigurationIsVisible = 0;
			defaultConfigurationName = Release;
		};
		74170F2F1E79805B00E88FA8 /* Build configuration list for PBXNativeTarget "Share" */ = {
			isa = XCConfigurationList;
			buildConfigurations = (
				74170F301E79805B00E88FA8 /* Debug */,
				74170F311E79805B00E88FA8 /* Release */,
			);
			defaultConfigurationIsVisible = 0;
			defaultConfigurationName = Release;
		};
		748316741E72962500E4ADA8 /* Build configuration list for PBXNativeTarget "DialExt" */ = {
			isa = XCConfigurationList;
			buildConfigurations = (
				748316701E72962500E4ADA8 /* Debug */,
				748316711E72962500E4ADA8 /* Release */,
			);
			defaultConfigurationIsVisible = 0;
			defaultConfigurationName = Release;
		};
		748316761E72962500E4ADA8 /* Build configuration list for PBXNativeTarget "DialExtTests" */ = {
			isa = XCConfigurationList;
			buildConfigurations = (
				748316721E72962500E4ADA8 /* Debug */,
				748316731E72962500E4ADA8 /* Release */,
			);
			defaultConfigurationIsVisible = 0;
			defaultConfigurationName = Release;
		};
/* End XCConfigurationList section */
	};
	rootObject = 607FACC81AFB9204008FA782 /* Project object */;
}
